<Solution>
  <Project Path="samples/hello/hello.goproj" Type="C#" />
  <Project Path="src/go/orikagoc/orikagoc.goproj" Type="C#" />
  <Project Path="src/csharp/Orikago.CodeAnalysis/Orikago.CodeAnalysis.csproj" />
  <Project Path="test/csharp/Orikago.CodeAnalysis.Tests/Orikago.CodeAnalysis.Tests.csproj" />
  <Project Path="templates/Orikago.Templates.csproj" />
  <!--
    Orikago.LanguageService is a classic VSSDK project (.NET Framework 4.7.2 +
    Microsoft.VsSDK.targets). It only builds under full Visual Studio MSBuild
    (VS 18 "MSBuild.exe"), not under "dotnet build", so it is part of the
    solution but excluded from the solution build configuration. Build it with:
      "C:\Program Files\Microsoft Visual Studio\18\Community\MSBuild\Current\Bin\MSBuild.exe"
        src\csharp\Orikago.LanguageService\Orikago.LanguageService.csproj /restore /p:Configuration=Release
  -->
  <Project Path="src/csharp/Orikago.LanguageService/Orikago.LanguageService.csproj" Id="d1f7a2c4-9b3e-4e5a-8f21-6c0d7e5b9a31">
    <Build Project="false" />
  </Project>
</Solution>

